
Microsoft Visual Studio Solution File, Format Version 12.00
# Visual Studio 15
VisualStudioVersion = 15.0.28307.168
MinimumVisualStudioVersion = 10.0.40219.1
Project("{FAE04EC0-301F-11D3-BF4B-00C04F79EFBC}") = "SW2URDF", "SW2URDF\SW2URDF.csproj", "{473A16EC-06E9-4C08-B6EF-9AF0036B69E6}"
EndProject
Project("{9A19103F-16F7-4668-BE54-9A1E7A4F7556}") = "TestRunner", "TestRunner\TestRunner.csproj", "{4BCA2D3C-ED8B-40F2-9B9E-CB02F64498FB}"
EndProject
Global
	GlobalSection(SolutionConfigurationPlatforms) = preSolution
		Debug|Any CPU = Debug|Any CPU
		Debug|x64 = Debug|x64
		Debug|x86 = Debug|x86
		Release|Any CPU = Release|Any CPU
		Release|x64 = Release|x64
		Release|x86 = Release|x86
		Test Release|Any CPU = Test Release|Any CPU
		Test Release|x64 = Test Release|x64
		Test Release|x86 = Test Release|x86
		Test|Any CPU = Test|Any CPU
		Test|x64 = Test|x64
		Test|x86 = Test|x86
	EndGlobalSection
	GlobalSection(ProjectConfigurationPlatforms) = postSolution
		{473A16EC-06E9-4C08-B6EF-9AF0036B69E6}.Debug|Any CPU.ActiveCfg = Debug|Any CPU
		{473A16EC-06E9-4C08-B6EF-9AF0036B69E6}.Debug|Any CPU.Build.0 = Debug|Any CPU
		{473A16EC-06E9-4C08-B6EF-9AF0036B69E6}.Debug|x64.ActiveCfg = Debug|x64
		{473A16EC-06E9-4C08-B6EF-9AF0036B69E6}.Debug|x64.Build.0 = Debug|x64
		{473A16EC-06E9-4C08-B6EF-9AF0036B69E6}.Debug|x86.ActiveCfg = Debug|x86
		{473A16EC-06E9-4C08-B6EF-9AF0036B69E6}.Debug|x86.Build.0 = Debug|x86
		{473A16EC-06E9-4C08-B6EF-9AF0036B69E6}.Release|Any CPU.ActiveCfg = Release|Any CPU
		{473A16EC-06E9-4C08-B6EF-9AF0036B69E6}.Release|Any CPU.Build.0 = Release|Any CPU
		{473A16EC-06E9-4C08-B6EF-9AF0036B69E6}.Release|x64.ActiveCfg = Release|x64
		{473A16EC-06E9-4C08-B6EF-9AF0036B69E6}.Release|x64.Build.0 = Release|x64
		{473A16EC-06E9-4C08-B6EF-9AF0036B69E6}.Release|x86.ActiveCfg = Release|x86
		{473A16EC-06E9-4C08-B6EF-9AF0036B69E6}.Release|x86.Build.0 = Release|x86
		{473A16EC-06E9-4C08-B6EF-9AF0036B69E6}.Test Release|Any CPU.ActiveCfg = Release|Any CPU
		{473A16EC-06E9-4C08-B6EF-9AF0036B69E6}.Test Release|Any CPU.Build.0 = Release|Any CPU
		{473A16EC-06E9-4C08-B6EF-9AF0036B69E6}.Test Release|x64.ActiveCfg = Release|x64
		{473A16EC-06E9-4C08-B6EF-9AF0036B69E6}.Test Release|x64.Build.0 = Release|x64
		{473A16EC-06E9-4C08-B6EF-9AF0036B69E6}.Test Release|x86.ActiveCfg = Release|x86
		{473A16EC-06E9-4C08-B6EF-9AF0036B69E6}.Test Release|x86.Build.0 = Release|x86
		{473A16EC-06E9-4C08-B6EF-9AF0036B69E6}.Test|Any CPU.ActiveCfg = Release|Any CPU
		{473A16EC-06E9-4C08-B6EF-9AF0036B69E6}.Test|Any CPU.Build.0 = Release|Any CPU
		{473A16EC-06E9-4C08-B6EF-9AF0036B69E6}.Test|x64.ActiveCfg = Debug|x64
		{473A16EC-06E9-4C08-B6EF-9AF0036B69E6}.Test|x64.Build.0 = Debug|x64
		{473A16EC-06E9-4C08-B6EF-9AF0036B69E6}.Test|x86.ActiveCfg = Release|x86
		{473A16EC-06E9-4C08-B6EF-9AF0036B69E6}.Test|x86.Build.0 = Release|x86
		{4BCA2D3C-ED8B-40F2-9B9E-CB02F64498FB}.Debug|Any CPU.ActiveCfg = Debug|Any CPU
		{4BCA2D3C-ED8B-40F2-9B9E-CB02F64498FB}.Debug|Any CPU.Build.0 = Debug|Any CPU
		{4BCA2D3C-ED8B-40F2-9B9E-CB02F64498FB}.Debug|x64.ActiveCfg = Debug|Any CPU
		{4BCA2D3C-ED8B-40F2-9B9E-CB02F64498FB}.Debug|x64.Build.0 = Debug|Any CPU
		{4BCA2D3C-ED8B-40F2-9B9E-CB02F64498FB}.Debug|x86.ActiveCfg = Debug|Any CPU
		{4BCA2D3C-ED8B-40F2-9B9E-CB02F64498FB}.Debug|x86.Build.0 = Debug|Any CPU
		{4BCA2D3C-ED8B-40F2-9B9E-CB02F64498FB}.Release|Any CPU.ActiveCfg = Release|Any CPU
		{4BCA2D3C-ED8B-40F2-9B9E-CB02F64498FB}.Release|Any CPU.Build.0 = Release|Any CPU
		{4BCA2D3C-ED8B-40F2-9B9E-CB02F64498FB}.Release|x64.ActiveCfg = Release|Any CPU
		{4BCA2D3C-ED8B-40F2-9B9E-CB02F64498FB}.Release|x64.Build.0 = Release|Any CPU
		{4BCA2D3C-ED8B-40F2-9B9E-CB02F64498FB}.Release|x86.ActiveCfg = Release|Any CPU
		{4BCA2D3C-ED8B-40F2-9B9E-CB02F64498FB}.Release|x86.Build.0 = Release|Any CPU
		{4BCA2D3C-ED8B-40F2-9B9E-CB02F64498FB}.Test Release|Any CPU.ActiveCfg = Debug|Any CPU
		{4BCA2D3C-ED8B-40F2-9B9E-CB02F64498FB}.Test Release|Any CPU.Build.0 = Debug|Any CPU
		{4BCA2D3C-ED8B-40F2-9B9E-CB02F64498FB}.Test Release|x64.ActiveCfg = Release|Any CPU
		{4BCA2D3C-ED8B-40F2-9B9E-CB02F64498FB}.Test Release|x64.Build.0 = Release|Any CPU
		{4BCA2D3C-ED8B-40F2-9B9E-CB02F64498FB}.Test Release|x86.ActiveCfg = Debug|Any CPU
		{4BCA2D3C-ED8B-40F2-9B9E-CB02F64498FB}.Test Release|x86.Build.0 = Debug|Any CPU
		{4BCA2D3C-ED8B-40F2-9B9E-CB02F64498FB}.Test|Any CPU.ActiveCfg = Debug|Any CPU
		{4BCA2D3C-ED8B-40F2-9B9E-CB02F64498FB}.Test|Any CPU.Build.0 = Debug|Any CPU
		{4BCA2D3C-ED8B-40F2-9B9E-CB02F64498FB}.Test|x64.ActiveCfg = Debug|Any CPU
		{4BCA2D3C-ED8B-40F2-9B9E-CB02F64498FB}.Test|x64.Build.0 = Debug|Any CPU
		{4BCA2D3C-ED8B-40F2-9B9E-CB02F64498FB}.Test|x86.ActiveCfg = Debug|Any CPU
		{4BCA2D3C-ED8B-40F2-9B9E-CB02F64498FB}.Test|x86.Build.0 = Debug|Any CPU
	EndGlobalSection
	GlobalSection(SolutionProperties) = preSolution
		HideSolutionNode = FALSE
	EndGlobalSection
	GlobalSection(ExtensibilityGlobals) = postSolution
		SolutionGuid = {12ABEBE6-0D61-4C5B-A162-B0469B70371D}
	EndGlobalSection
EndGlobal
